
Microsoft Visual Studio Solution File, Format Version 12.00
Project("{FAE04EC0-301F-11D3-BF4B-00C04F79EFBC}") = "WeeXnes", "WeeXnes\WeeXnes.csproj", "{4B33CEE7-C74D-43B9-B99A-8B273D5195BC}"
EndProject
Global
	GlobalSection(SolutionConfigurationPlatforms) = preSolution
		Debug|Any CPU = Debug|Any CPU
		Release|Any CPU = Release|Any CPU
	EndGlobalSection
	GlobalSection(ProjectConfigurationPlatforms) = postSolution
		{4B33CEE7-C74D-43B9-B99A-8B273D5195BC}.Debug|Any CPU.ActiveCfg = Debug|Any CPU
		{4B33CEE7-C74D-43B9-B99A-8B273D5195BC}.Debug|Any CPU.Build.0 = Debug|Any CPU
		{4B33CEE7-C74D-43B9-B99A-8B273D5195BC}.Release|Any CPU.ActiveCfg = Release|Any CPU
		{4B33CEE7-C74D-43B9-B99A-8B273D5195BC}.Release|Any CPU.Build.0 = Release|Any CPU
	EndGlobalSection
EndGlobal
